
Microsoft Visual Studio Solution File, Format Version 12.00
# Visual Studio Version 17
VisualStudioVersion = 17.6.33815.320
MinimumVisualStudioVersion = 10.0.40219.1
Project("{FAE04EC0-301F-11D3-BF4B-00C04F79EFBC}") = "Agenda", "Agenda\Agenda.csproj", "{DB2AB814-62F1-4506-A194-48FB1793162F}"
EndProject
Global
	GlobalSection(SolutionConfigurationPlatforms) = preSolution
		Debug|Any CPU = Debug|Any CPU
		Release|Any CPU = Release|Any CPU
	EndGlobalSection
	GlobalSection(ProjectConfigurationPlatforms) = postSolution
		{DB2AB814-62F1-4506-A194-48FB1793162F}.Debug|Any CPU.ActiveCfg = Debug|Any CPU
		{DB2AB814-62F1-4506-A194-48FB1793162F}.Debug|Any CPU.Build.0 = Debug|Any CPU
		{DB2AB814-62F1-4506-A194-48FB1793162F}.Release|Any CPU.ActiveCfg = Release|Any CPU
		{DB2AB814-62F1-4506-A194-48FB1793162F}.Release|Any CPU.Build.0 = Release|Any CPU
	EndGlobalSection
	GlobalSection(SolutionProperties) = preSolution
		HideSolutionNode = FALSE
	EndGlobalSection
	GlobalSection(ExtensibilityGlobals) = postSolution
		SolutionGuid = {CB3F3AFE-197E-4E93-A44C-27B2C20154CB}
	EndGlobalSection
EndGlobal
